// !$*UTF8*$!
{
	archiveVersion = 1;
	classes = {
	};
	objectVersion = 52;
	objects = {

/* Begin PBXBuildFile section */
		8617B4DC244D9E5B00434A10 /* Apollo in Frameworks */ = {isa = PBXBuildFile; productRef = 8617B4DB244D9E5B00434A10 /* Apollo */; };
		8617B4DE244D9E5B00434A10 /* ApolloCodegenLib in Frameworks */ = {isa = PBXBuildFile; productRef = 8617B4DD244D9E5B00434A10 /* ApolloCodegenLib */; };
		8617B4E0244D9E5B00434A10 /* ApolloWebSocket in Frameworks */ = {isa = PBXBuildFile; productRef = 8617B4DF244D9E5B00434A10 /* ApolloWebSocket */; };
		8617B4E3244D9ED200434A10 /* Service.swift in Sources */ = {isa = PBXBuildFile; fileRef = 8617B4E2244D9ED200434A10 /* Service.swift */; };
		8617B4E7244DA20100434A10 /* API.swift in Sources */ = {isa = PBXBuildFile; fileRef = 8617B4E6244DA20100434A10 /* API.swift */; };
		8625FDFC244DB036005C16BE /* Const.swift in Sources */ = {isa = PBXBuildFile; fileRef = 8625FDFB244DB036005C16BE /* Const.swift */; };
		8646A290244C82850001DD23 /* MainPresenter.swift in Sources */ = {isa = PBXBuildFile; fileRef = 8646A28F244C82850001DD23 /* MainPresenter.swift */; };
		8646A292244C82AF0001DD23 /* MainView.swift in Sources */ = {isa = PBXBuildFile; fileRef = 8646A291244C82AF0001DD23 /* MainView.swift */; };
		865D84E1244B8960003A6561 /* AppDelegate.swift in Sources */ = {isa = PBXBuildFile; fileRef = 865D84E0244B8960003A6561 /* AppDelegate.swift */; };
		865D84E3244B8960003A6561 /* SceneDelegate.swift in Sources */ = {isa = PBXBuildFile; fileRef = 865D84E2244B8960003A6561 /* SceneDelegate.swift */; };
		865D84E5244B8960003A6561 /* MainVC.swift in Sources */ = {isa = PBXBuildFile; fileRef = 865D84E4244B8960003A6561 /* MainVC.swift */; };
		865D84E8244B8960003A6561 /* Main.storyboard in Resources */ = {isa = PBXBuildFile; fileRef = 865D84E6244B8960003A6561 /* Main.storyboard */; };
		865D84EA244B8963003A6561 /* Assets.xcassets in Resources */ = {isa = PBXBuildFile; fileRef = 865D84E9244B8963003A6561 /* Assets.xcassets */; };
		865D84ED244B8963003A6561 /* LaunchScreen.storyboard in Resources */ = {isa = PBXBuildFile; fileRef = 865D84EB244B8963003A6561 /* LaunchScreen.storyboard */; };
		8690DB7F2453B877009B3BB5 /* Contract.swift in Sources */ = {isa = PBXBuildFile; fileRef = 8690DB7E2453B877009B3BB5 /* Contract.swift */; };
		86EAB84C244E06B800F7A399 /* MainTableCell.swift in Sources */ = {isa = PBXBuildFile; fileRef = 86EAB84B244E06B800F7A399 /* MainTableCell.swift */; };
/* End PBXBuildFile section */

/* Begin PBXFileReference section */
		8617B4E2244D9ED200434A10 /* Service.swift */ = {isa = PBXFileReference; lastKnownFileType = sourcecode.swift; path = Service.swift; sourceTree = "<group>"; };
		8617B4E4244DA00C00434A10 /* launches.graphql */ = {isa = PBXFileReference; lastKnownFileType = text; path = launches.graphql; sourceTree = "<group>"; };
		8617B4E5244DA12100434A10 /* schema.json */ = {isa = PBXFileReference; lastKnownFileType = text.json; path = schema.json; sourceTree = "<group>"; };
		8617B4E6244DA20100434A10 /* API.swift */ = {isa = PBXFileReference; fileEncoding = 4; lastKnownFileType = sourcecode.swift; path = API.swift; sourceTree = "<group>"; };
		8625FDFB244DB036005C16BE /* Const.swift */ = {isa = PBXFileReference; lastKnownFileType = sourcecode.swift; path = Const.swift; sourceTree = "<group>"; };
		8646A28F244C82850001DD23 /* MainPresenter.swift */ = {isa = PBXFileReference; lastKnownFileType = sourcecode.swift; path = MainPresenter.swift; sourceTree = "<group>"; };
		8646A291244C82AF0001DD23 /* MainView.swift */ = {isa = PBXFileReference; lastKnownFileType = sourcecode.swift; path = MainView.swift; sourceTree = "<group>"; };
		865D84DD244B895F003A6561 /* MVP.app */ = {isa = PBXFileReference; explicitFileType = wrapper.application; includeInIndex = 0; path = MVP.app; sourceTree = BUILT_PRODUCTS_DIR; };
		865D84E0244B8960003A6561 /* AppDelegate.swift */ = {isa = PBXFileReference; lastKnownFileType = sourcecode.swift; path = AppDelegate.swift; sourceTree = "<group>"; };
		865D84E2244B8960003A6561 /* SceneDelegate.swift */ = {isa = PBXFileReference; lastKnownFileType = sourcecode.swift; path = SceneDelegate.swift; sourceTree = "<group>"; };
		865D84E4244B8960003A6561 /* MainVC.swift */ = {isa = PBXFileReference; lastKnownFileType = sourcecode.swift; path = MainVC.swift; sourceTree = "<group>"; };
		865D84E7244B8960003A6561 /* Base */ = {isa = PBXFileReference; lastKnownFileType = file.storyboard; name = Base; path = Base.lproj/Main.storyboard; sourceTree = "<group>"; };
		865D84E9244B8963003A6561 /* Assets.xcassets */ = {isa = PBXFileReference; lastKnownFileType = folder.assetcatalog; path = Assets.xcassets; sourceTree = "<group>"; };
		865D84EC244B8963003A6561 /* Base */ = {isa = PBXFileReference; lastKnownFileType = file.storyboard; name = Base; path = Base.lproj/LaunchScreen.storyboard; sourceTree = "<group>"; };
		865D84EE244B8963003A6561 /* Info.plist */ = {isa = PBXFileReference; lastKnownFileType = text.plist.xml; path = Info.plist; sourceTree = "<group>"; };
		8690DB7E2453B877009B3BB5 /* Contract.swift */ = {isa = PBXFileReference; lastKnownFileType = sourcecode.swift; path = Contract.swift; sourceTree = "<group>"; };
		86EAB84B244E06B800F7A399 /* MainTableCell.swift */ = {isa = PBXFileReference; lastKnownFileType = sourcecode.swift; path = MainTableCell.swift; sourceTree = "<group>"; };
/* End PBXFileReference section */

/* Begin PBXFrameworksBuildPhase section */
		865D84DA244B895F003A6561 /* Frameworks */ = {
			isa = PBXFrameworksBuildPhase;
			buildActionMask = 2147483647;
			files = (
				8617B4DC244D9E5B00434A10 /* Apollo in Frameworks */,
				8617B4E0244D9E5B00434A10 /* ApolloWebSocket in Frameworks */,
				8617B4DE244D9E5B00434A10 /* ApolloCodegenLib in Frameworks */,
			);
			runOnlyForDeploymentPostprocessing = 0;
		};
/* End PBXFrameworksBuildPhase section */

/* Begin PBXGroup section */
		8617B4E8244DA39900434A10 /* GraphQL */ = {
			isa = PBXGroup;
			children = (
				8617B4E5244DA12100434A10 /* schema.json */,
				8617B4E4244DA00C00434A10 /* launches.graphql */,
				8617B4E6244DA20100434A10 /* API.swift */,
			);
			name = GraphQL;
			sourceTree = "<group>";
		};
		8646A293244D07D60001DD23 /* Model */ = {
			isa = PBXGroup;
			children = (
				8690DB7D2453B84F009B3BB5 /* Contracts */,
				8617B4E8244DA39900434A10 /* GraphQL */,
				8617B4E2244D9ED200434A10 /* Service.swift */,
			);
			name = Model;
			sourceTree = "<group>";
		};
		8646A294244D07DD0001DD23 /* Views */ = {
			isa = PBXGroup;
			children = (
				865D84EB244B8963003A6561 /* LaunchScreen.storyboard */,
				865D84E6244B8960003A6561 /* Main.storyboard */,
				865D84E4244B8960003A6561 /* MainVC.swift */,
				86EAB84B244E06B800F7A399 /* MainTableCell.swift */,
			);
			name = Views;
			sourceTree = "<group>";
		};
		8646A295244D07EA0001DD23 /* Presenter */ = {
			isa = PBXGroup;
			children = (
				8646A28F244C82850001DD23 /* MainPresenter.swift */,
				8646A291244C82AF0001DD23 /* MainView.swift */,
			);
			name = Presenter;
			sourceTree = "<group>";
		};
		8646A296244D083E0001DD23 /* Resources */ = {
			isa = PBXGroup;
			children = (
				8625FDFB244DB036005C16BE /* Const.swift */,
				865D84E0244B8960003A6561 /* AppDelegate.swift */,
				865D84E2244B8960003A6561 /* SceneDelegate.swift */,
				865D84E9244B8963003A6561 /* Assets.xcassets */,
				865D84EE244B8963003A6561 /* Info.plist */,
			);
			name = Resources;
			sourceTree = "<group>";
		};
		865D84D4244B895F003A6561 = {
			isa = PBXGroup;
			children = (
				865D84DF244B895F003A6561 /* MVP */,
				865D84DE244B895F003A6561 /* Products */,
			);
			sourceTree = "<group>";
		};
		865D84DE244B895F003A6561 /* Products */ = {
			isa = PBXGroup;
			children = (
				865D84DD244B895F003A6561 /* MVP.app */,
			);
			name = Products;
			sourceTree = "<group>";
		};
		865D84DF244B895F003A6561 /* MVP */ = {
			isa = PBXGroup;
			children = (
				8646A293244D07D60001DD23 /* Model */,
				8646A294244D07DD0001DD23 /* Views */,
				8646A295244D07EA0001DD23 /* Presenter */,
				8646A296244D083E0001DD23 /* Resources */,
			);
			path = MVP;
			sourceTree = "<group>";
		};
		8690DB7D2453B84F009B3BB5 /* Contracts */ = {
			isa = PBXGroup;
			children = (
				8690DB7E2453B877009B3BB5 /* Contract.swift */,
			);
			name = Contracts;
			sourceTree = "<group>";
		};
/* End PBXGroup section */

/* Begin PBXNativeTarget section */
		865D84DC244B895F003A6561 /* MVP */ = {
			isa = PBXNativeTarget;
			buildConfigurationList = 865D84F1244B8963003A6561 /* Build configuration list for PBXNativeTarget "MVP" */;
			buildPhases = (
				8617B4E1244D9E6C00434A10 /* Apollo Code Generation */,
				865D84D9244B895F003A6561 /* Sources */,
				865D84DA244B895F003A6561 /* Frameworks */,
				865D84DB244B895F003A6561 /* Resources */,
			);
			buildRules = (
			);
			dependencies = (
			);
			name = MVP;
			packageProductDependencies = (
				8617B4DB244D9E5B00434A10 /* Apollo */,
				8617B4DD244D9E5B00434A10 /* ApolloCodegenLib */,
				8617B4DF244D9E5B00434A10 /* ApolloWebSocket */,
			);
			productName = MVP;
			productReference = 865D84DD244B895F003A6561 /* MVP.app */;
			productType = "com.apple.product-type.application";
		};
/* End PBXNativeTarget section */

/* Begin PBXProject section */
		865D84D5244B895F003A6561 /* Project object */ = {
			isa = PBXProject;
			attributes = {
				LastSwiftUpdateCheck = 1140;
				LastUpgradeCheck = 1140;
				ORGANIZATIONNAME = "Eyad Heikal";
				TargetAttributes = {
					865D84DC244B895F003A6561 = {
						CreatedOnToolsVersion = 11.4.1;
					};
				};
			};
			buildConfigurationList = 865D84D8244B895F003A6561 /* Build configuration list for PBXProject "MVP" */;
			compatibilityVersion = "Xcode 9.3";
			developmentRegion = en;
			hasScannedForEncodings = 0;
			knownRegions = (
				en,
				Base,
			);
			mainGroup = 865D84D4244B895F003A6561;
			packageReferences = (
				8617B4DA244D9E5B00434A10 /* XCRemoteSwiftPackageReference "apollo-ios" */,
			);
			productRefGroup = 865D84DE244B895F003A6561 /* Products */;
			projectDirPath = "";
			projectRoot = "";
			targets = (
				865D84DC244B895F003A6561 /* MVP */,
			);
		};
/* End PBXProject section */

/* Begin PBXResourcesBuildPhase section */
		865D84DB244B895F003A6561 /* Resources */ = {
			isa = PBXResourcesBuildPhase;
			buildActionMask = 2147483647;
			files = (
				865D84ED244B8963003A6561 /* LaunchScreen.storyboard in Resources */,
				865D84EA244B8963003A6561 /* Assets.xcassets in Resources */,
				865D84E8244B8960003A6561 /* Main.storyboard in Resources */,
			);
			runOnlyForDeploymentPostprocessing = 0;
		};
/* End PBXResourcesBuildPhase section */

/* Begin PBXShellScriptBuildPhase section */
		8617B4E1244D9E6C00434A10 /* Apollo Code Generation */ = {
			isa = PBXShellScriptBuildPhase;
			buildActionMask = 2147483647;
			files = (
			);
			inputFileListPaths = (
			);
			inputPaths = (
			);
			name = "Apollo Code Generation";
			outputFileListPaths = (
			);
			outputPaths = (
			);
			runOnlyForDeploymentPostprocessing = 0;
			shellPath = /bin/sh;
			shellScript = "# Type a script or drag a script file from your workspace to insert its path.\nDERIVED_DATA_CANDIDATE=\"${BUILD_ROOT}\"\n\nwhile ! [ -d \"${DERIVED_DATA_CANDIDATE}/SourcePackages\" ]; do\n  if [ \"${DERIVED_DATA_CANDIDATE}\" = / ]; then\n    echo >&2 \"error: Unable to locate SourcePackages directory from BUILD_ROOT: '${BUILD_ROOT}'\"\n    exit 1\n  fi\n\n  DERIVED_DATA_CANDIDATE=\"$(dirname \"${DERIVED_DATA_CANDIDATE}\")\"\ndone\n\n# Grab a reference to the directory where scripts are checked out\nSCRIPT_PATH=\"${DERIVED_DATA_CANDIDATE}/SourcePackages/checkouts/apollo-ios/scripts\"\n\nif [ -z \"${SCRIPT_PATH}\" ]; then\n    echo >&2 \"error: Couldn't find the CLI script in your checked out SPM packages; make sure to add the framework to your project.\"\n    exit 1\nfi\n\ncd \"${SRCROOT}/${TARGET_NAME}\"\n\n#\"${SCRIPT_PATH}\"/run-bundled-codegen.sh schema:download --endpoint=\"https://api.spacex.land/graphql/\"\n\n\"${SCRIPT_PATH}\"/run-bundled-codegen.sh codegen:generate --target=swift --includes=./**/*.graphql --localSchemaFile=\"schema.json\" API.swift\n";
		};
/* End PBXShellScriptBuildPhase section */

/* Begin PBXSourcesBuildPhase section */
		865D84D9244B895F003A6561 /* Sources */ = {
			isa = PBXSourcesBuildPhase;
			buildActionMask = 2147483647;
			files = (
				865D84E5244B8960003A6561 /* MainVC.swift in Sources */,
				865D84E1244B8960003A6561 /* AppDelegate.swift in Sources */,
				8646A290244C82850001DD23 /* MainPresenter.swift in Sources */,
				865D84E3244B8960003A6561 /* SceneDelegate.swift in Sources */,
				8646A292244C82AF0001DD23 /* MainView.swift in Sources */,
				86EAB84C244E06B800F7A399 /* MainTableCell.swift in Sources */,
				8690DB7F2453B877009B3BB5 /* Contract.swift in Sources */,
				8625FDFC244DB036005C16BE /* Const.swift in Sources */,
				8617B4E3244D9ED200434A10 /* Service.swift in Sources */,
				8617B4E7244DA20100434A10 /* API.swift in Sources */,
			);
			runOnlyForDeploymentPostprocessing = 0;
		};
/* End PBXSourcesBuildPhase section */

/* Begin PBXVariantGroup section */
		865D84E6244B8960003A6561 /* Main.storyboard */ = {
			isa = PBXVariantGroup;
			children = (
				865D84E7244B8960003A6561 /* Base */,
			);
			name = Main.storyboard;
			sourceTree = "<group>";
		};
		865D84EB244B8963003A6561 /* LaunchScreen.storyboard */ = {
			isa = PBXVariantGroup;
			children = (
				865D84EC244B8963003A6561 /* Base */,
			);
			name = LaunchScreen.storyboard;
			sourceTree = "<group>";
		};
/* End PBXVariantGroup section */

/* Begin XCBuildConfiguration section */
		865D84EF244B8963003A6561 /* Debug */ = {
			isa = XCBuildConfiguration;
			buildSettings = {
				ALWAYS_SEARCH_USER_PATHS = NO;
				CLANG_ANALYZER_NONNULL = YES;
				CLANG_ANALYZER_NUMBER_OBJECT_CONVERSION = YES_AGGRESSIVE;
				CLANG_CXX_LANGUAGE_STANDARD = "gnu++14";
				CLANG_CXX_LIBRARY = "libc++";
				CLANG_ENABLE_MODULES = YES;
				CLANG_ENABLE_OBJC_ARC = YES;
				CLANG_ENABLE_OBJC_WEAK = YES;
				CLANG_WARN_BLOCK_CAPTURE_AUTORELEASING = YES;
				CLANG_WARN_BOOL_CONVERSION = YES;
				CLANG_WARN_COMMA = YES;
				CLANG_WARN_CONSTANT_CONVERSION = YES;
				CLANG_WARN_DEPRECATED_OBJC_IMPLEMENTATIONS = YES;
				CLANG_WARN_DIRECT_OBJC_ISA_USAGE = YES_ERROR;
				CLANG_WARN_DOCUMENTATION_COMMENTS = YES;
				CLANG_WARN_EMPTY_BODY = YES;
				CLANG_WARN_ENUM_CONVERSION = YES;
				CLANG_WARN_INFINITE_RECURSION = YES;
				CLANG_WARN_INT_CONVERSION = YES;
				CLANG_WARN_NON_LITERAL_NULL_CONVERSION = YES;
				CLANG_WARN_OBJC_IMPLICIT_RETAIN_SELF = YES;
				CLANG_WARN_OBJC_LITERAL_CONVERSION = YES;
				CLANG_WARN_OBJC_ROOT_CLASS = YES_ERROR;
				CLANG_WARN_RANGE_LOOP_ANALYSIS = YES;
				CLANG_WARN_STRICT_PROTOTYPES = YES;
				CLANG_WARN_SUSPICIOUS_MOVE = YES;
				CLANG_WARN_UNGUARDED_AVAILABILITY = YES_AGGRESSIVE;
				CLANG_WARN_UNREACHABLE_CODE = YES;
				CLANG_WARN__DUPLICATE_METHOD_MATCH = YES;
				COPY_PHASE_STRIP = NO;
				DEBUG_INFORMATION_FORMAT = dwarf;
				ENABLE_STRICT_OBJC_MSGSEND = YES;
				ENABLE_TESTABILITY = YES;
				GCC_C_LANGUAGE_STANDARD = gnu11;
				GCC_DYNAMIC_NO_PIC = NO;
				GCC_NO_COMMON_BLOCKS = YES;
				GCC_OPTIMIZATION_LEVEL = 0;
				GCC_PREPROCESSOR_DEFINITIONS = (
					"DEBUG=1",
					"$(inherited)",
				);
				GCC_WARN_64_TO_32_BIT_CONVERSION = YES;
				GCC_WARN_ABOUT_RETURN_TYPE = YES_ERROR;
				GCC_WARN_UNDECLARED_SELECTOR = YES;
				GCC_WARN_UNINITIALIZED_AUTOS = YES_AGGRESSIVE;
				GCC_WARN_UNUSED_FUNCTION = YES;
				GCC_WARN_UNUSED_VARIABLE = YES;
				IPHONEOS_DEPLOYMENT_TARGET = 13.4;
				MTL_ENABLE_DEBUG_INFO = INCLUDE_SOURCE;
				MTL_FAST_MATH = YES;
				ONLY_ACTIVE_ARCH = YES;
				SDKROOT = iphoneos;
				SWIFT_ACTIVE_COMPILATION_CONDITIONS = DEBUG;
				SWIFT_OPTIMIZATION_LEVEL = "-Onone";
			};
			name = Debug;
		};
		865D84F0244B8963003A6561 /* Release */ = {
			isa = XCBuildConfiguration;
			buildSettings = {
				ALWAYS_SEARCH_USER_PATHS = NO;
				CLANG_ANALYZER_NONNULL = YES;
				CLANG_ANALYZER_NUMBER_OBJECT_CONVERSION = YES_AGGRESSIVE;
				CLANG_CXX_LANGUAGE_STANDARD = "gnu++14";
				CLANG_CXX_LIBRARY = "libc++";
				CLANG_ENABLE_MODULES = YES;
				CLANG_ENABLE_OBJC_ARC = YES;
				CLANG_ENABLE_OBJC_WEAK = YES;
				CLANG_WARN_BLOCK_CAPTURE_AUTORELEASING = YES;
				CLANG_WARN_BOOL_CONVERSION = YES;
				CLANG_WARN_COMMA = YES;
				CLANG_WARN_CONSTANT_CONVERSION = YES;
				CLANG_WARN_DEPRECATED_OBJC_IMPLEMENTATIONS = YES;
				CLANG_WARN_DIRECT_OBJC_ISA_USAGE = YES_ERROR;
				CLANG_WARN_DOCUMENTATION_COMMENTS = YES;
				CLANG_WARN_EMPTY_BODY = YES;
				CLANG_WARN_ENUM_CONVERSION = YES;
				CLANG_WARN_INFINITE_RECURSION = YES;
				CLANG_WARN_INT_CONVERSION = YES;
				CLANG_WARN_NON_LITERAL_NULL_CONVERSION = YES;
				CLANG_WARN_OBJC_IMPLICIT_RETAIN_SELF = YES;
				CLANG_WARN_OBJC_LITERAL_CONVERSION = YES;
				CLANG_WARN_OBJC_ROOT_CLASS = YES_ERROR;
				CLANG_WARN_RANGE_LOOP_ANALYSIS = YES;
				CLANG_WARN_STRICT_PROTOTYPES = YES;
				CLANG_WARN_SUSPICIOUS_MOVE = YES;
				CLANG_WARN_UNGUARDED_AVAILABILITY = YES_AGGRESSIVE;
				CLANG_WARN_UNREACHABLE_CODE = YES;
				CLANG_WARN__DUPLICATE_METHOD_MATCH = YES;
				COPY_PHASE_STRIP = NO;
				DEBUG_INFORMATION_FORMAT = "dwarf-with-dsym";
				ENABLE_NS_ASSERTIONS = NO;
				ENABLE_STRICT_OBJC_MSGSEND = YES;
				GCC_C_LANGUAGE_STANDARD = gnu11;
				GCC_NO_COMMON_BLOCKS = YES;
				GCC_WARN_64_TO_32_BIT_CONVERSION = YES;
				GCC_WARN_ABOUT_RETURN_TYPE = YES_ERROR;
				GCC_WARN_UNDECLARED_SELECTOR = YES;
				GCC_WARN_UNINITIALIZED_AUTOS = YES_AGGRESSIVE;
				GCC_WARN_UNUSED_FUNCTION = YES;
				GCC_WARN_UNUSED_VARIABLE = YES;
				IPHONEOS_DEPLOYMENT_TARGET = 13.4;
				MTL_ENABLE_DEBUG_INFO = NO;
				MTL_FAST_MATH = YES;
				SDKROOT = iphoneos;
				SWIFT_COMPILATION_MODE = wholemodule;
				SWIFT_OPTIMIZATION_LEVEL = "-O";
				VALIDATE_PRODUCT = YES;
			};
			name = Release;
		};
		865D84F2244B8963003A6561 /* Debug */ = {
			isa = XCBuildConfiguration;
			buildSettings = {
				ASSETCATALOG_COMPILER_APPICON_NAME = AppIcon;
				CODE_SIGN_STYLE = Automatic;
				INFOPLIST_FILE = MVP/Info.plist;
				LD_RUNPATH_SEARCH_PATHS = (
					"$(inherited)",
					"@executable_path/Frameworks",
				);
				PRODUCT_BUNDLE_IDENTIFIER = eyad.MVP;
				PRODUCT_NAME = "$(TARGET_NAME)";
				SWIFT_VERSION = 5.0;
				TARGETED_DEVICE_FAMILY = "1,2";
			};
			name = Debug;
		};
		865D84F3244B8963003A6561 /* Release */ = {
			isa = XCBuildConfiguration;
			buildSettings = {
				ASSETCATALOG_COMPILER_APPICON_NAME = AppIcon;
				CODE_SIGN_STYLE = Automatic;
				INFOPLIST_FILE = MVP/Info.plist;
				LD_RUNPATH_SEARCH_PATHS = (
					"$(inherited)",
					"@executable_path/Frameworks",
				);
				PRODUCT_BUNDLE_IDENTIFIER = eyad.MVP;
				PRODUCT_NAME = "$(TARGET_NAME)";
				SWIFT_VERSION = 5.0;
				TARGETED_DEVICE_FAMILY = "1,2";
			};
			name = Release;
		};
/* End XCBuildConfiguration section */

/* Begin XCConfigurationList section */
		865D84D8244B895F003A6561 /* Build configuration list for PBXProject "MVP" */ = {
			isa = XCConfigurationList;
			buildConfigurations = (
				865D84EF244B8963003A6561 /* Debug */,
				865D84F0244B8963003A6561 /* Release */,
			);
			defaultConfigurationIsVisible = 0;
			defaultConfigurationName = Release;
		};
		865D84F1244B8963003A6561 /* Build configuration list for PBXNativeTarget "MVP" */ = {
			isa = XCConfigurationList;
			buildConfigurations = (
				865D84F2244B8963003A6561 /* Debug */,
				865D84F3244B8963003A6561 /* Release */,
			);
			defaultConfigurationIsVisible = 0;
			defaultConfigurationName = Release;
		};
/* End XCConfigurationList section */

/* Begin XCRemoteSwiftPackageReference section */
		8617B4DA244D9E5B00434A10 /* XCRemoteSwiftPackageReference "apollo-ios" */ = {
			isa = XCRemoteSwiftPackageReference;
			repositoryURL = "https://github.com/apollographql/apollo-ios.git";
			requirement = {
				kind = upToNextMinorVersion;
				minimumVersion = 0.25.0;
			};
		};
/* End XCRemoteSwiftPackageReference section */

/* Begin XCSwiftPackageProductDependency section */
		8617B4DB244D9E5B00434A10 /* Apollo */ = {
			isa = XCSwiftPackageProductDependency;
			package = 8617B4DA244D9E5B00434A10 /* XCRemoteSwiftPackageReference "apollo-ios" */;
			productName = Apollo;
		};
		8617B4DD244D9E5B00434A10 /* ApolloCodegenLib */ = {
			isa = XCSwiftPackageProductDependency;
			package = 8617B4DA244D9E5B00434A10 /* XCRemoteSwiftPackageReference "apollo-ios" */;
			productName = ApolloCodegenLib;
		};
		8617B4DF244D9E5B00434A10 /* ApolloWebSocket */ = {
			isa = XCSwiftPackageProductDependency;
			package = 8617B4DA244D9E5B00434A10 /* XCRemoteSwiftPackageReference "apollo-ios" */;
			productName = ApolloWebSocket;
		};
/* End XCSwiftPackageProductDependency section */
	};
	rootObject = 865D84D5244B895F003A6561 /* Project object */;
}
